Microsoft Visual Studio Solution File, Format Version 12.00
# Visual Studio Version 18
VisualStudioVersion = 18.1.11304.174 d18.0
MinimumVisualStudioVersion = 10.0.40219.1
Project("{FAE04EC0-301F-11D3-BF4B-00C04F79EFBC}") = "GuitarTranspositionTool", "GuitarTranspositionTool\GuitarTranspositionTool.csproj", "{E311F0FC-B8AD-7F8F-B085-3350CD1E1434}"
EndProject
Project("{FAE04EC0-301F-11D3-BF4B-00C04F79EFBC}") = "GuitarNeckControl", "GuitarNeckControl\GuitarNeckControl.csproj", "{B1842A0A-2095-B812-1165-93B078E9E3BA}"
EndProject
Global
	GlobalSection(SolutionConfigurationPlatforms) = preSolution
		Debug|Any CPU = Debug|Any CPU
		Release|Any CPU = Release|Any CPU
	EndGlobalSection
	GlobalSection(ProjectConfigurationPlatforms) = postSolution
		{E311F0FC-B8AD-7F8F-B085-3350CD1E1434}.Debug|Any CPU.ActiveCfg = Debug|Any CPU
		{E311F0FC-B8AD-7F8F-B085-3350CD1E1434}.Debug|Any CPU.Build.0 = Debug|Any CPU
		{E311F0FC-B8AD-7F8F-B085-3350CD1E1434}.Release|Any CPU.ActiveCfg = Release|Any CPU
		{E311F0FC-B8AD-7F8F-B085-3350CD1E1434}.Release|Any CPU.Build.0 = Release|Any CPU
		{B1842A0A-2095-B812-1165-93B078E9E3BA}.Debug|Any CPU.ActiveCfg = Debug|Any CPU
		{B1842A0A-2095-B812-1165-93B078E9E3BA}.Debug|Any CPU.Build.0 = Debug|Any CPU
		{B1842A0A-2095-B812-1165-93B078E9E3BA}.Release|Any CPU.ActiveCfg = Release|Any CPU
		{B1842A0A-2095-B812-1165-93B078E9E3BA}.Release|Any CPU.Build.0 = Release|Any CPU
	EndGlobalSection
	GlobalSection(SolutionProperties) = preSolution
		HideSolutionNode = FALSE
	EndGlobalSection
	GlobalSection(ExtensibilityGlobals) = postSolution
		SolutionGuid = {2A391EFE-22E5-4B5A-BBDC-A5E0E01687D4}
	EndGlobalSection
EndGlobal
